// !$*UTF8*$!
{
	archiveVersion = 1;
	classes = {
	};
	objectVersion = 46;
	objects = {

/* Begin PBXBuildFile section */
		120133E619FBEB620013A8F8 /* MediaPlayer.framework in Frameworks */ = {isa = PBXBuildFile; fileRef = 120133E519FBEB620013A8F8 /* MediaPlayer.framework */; };
		120133E819FBEB6F0013A8F8 /* libxml2.dylib in Frameworks */ = {isa = PBXBuildFile; fileRef = 120133E719FBEB6F0013A8F8 /* libxml2.dylib */; };
		120133EA19FBEBD10013A8F8 /* CFNetwork.framework in Frameworks */ = {isa = PBXBuildFile; fileRef = 120133E919FBEBD10013A8F8 /* CFNetwork.framework */; };
		120133EC19FBEBD80013A8F8 /* AVFoundation.framework in Frameworks */ = {isa = PBXBuildFile; fileRef = 120133EB19FBEBD80013A8F8 /* AVFoundation.framework */; };
		120133EE19FBEBE40013A8F8 /* CoreVideo.framework in Frameworks */ = {isa = PBXBuildFile; fileRef = 120133ED19FBEBE40013A8F8 /* CoreVideo.framework */; };
		1233F5F019FB8C9B003D4F82 /* libiconv.dylib in Frameworks */ = {isa = PBXBuildFile; fileRef = 1233F5EF19FB8C9B003D4F82 /* libiconv.dylib */; };
		1233F5F219FB8CB8003D4F82 /* AudioToolbox.framework in Frameworks */ = {isa = PBXBuildFile; fileRef = 1233F5F119FB8CB8003D4F82 /* AudioToolbox.framework */; };
		1233F5F419FB8CC1003D4F82 /* OpenGLES.framework in Frameworks */ = {isa = PBXBuildFile; fileRef = 1233F5F319FB8CC1003D4F82 /* OpenGLES.framework */; };
		1233F5F619FB8CCB003D4F82 /* QuartzCore.framework in Frameworks */ = {isa = PBXBuildFile; fileRef = 1233F5F519FB8CCB003D4F82 /* QuartzCore.framework */; };
		1233F5F819FB8CD7003D4F82 /* OpenAL.framework in Frameworks */ = {isa = PBXBuildFile; fileRef = 1233F5F719FB8CD7003D4F82 /* OpenAL.framework */; };
		12CA915319FBF1CB0026C1C1 /* libz.dylib in Frameworks */ = {isa = PBXBuildFile; fileRef = 12CA915219FBF1CB0026C1C1 /* libz.dylib */; };
		12CA915519FBF1DB0026C1C1 /* MobileCoreServices.framework in Frameworks */ = {isa = PBXBuildFile; fileRef = 12CA915419FBF1DB0026C1C1 /* MobileCoreServices.framework */; };
		12CA915719FBF1E40026C1C1 /* SystemConfiguration.framework in Frameworks */ = {isa = PBXBuildFile; fileRef = 12CA915619FBF1E40026C1C1 /* SystemConfiguration.framework */; };
		12CA915919FBF2120026C1C1 /* CoreTelephony.framework in Frameworks */ = {isa = PBXBuildFile; fileRef = 12CA915819FBF2120026C1C1 /* CoreTelephony.framework */; };
		7EE1F8F21BD8C7A400B2B5CB /* libHCNetSDK_dev_20140701.a in Frameworks */ = {isa = PBXBuildFile; fileRef = 7EE1F8EA1BD8C7A400B2B5CB /* libHCNetSDK_dev_20140701.a */; };
		7EE1F8F31BD8C7A500B2B5CB /* libHCNetSDK_sim_20140701.a in Frameworks */ = {isa = PBXBuildFile; fileRef = 7EE1F8EB1BD8C7A400B2B5CB /* libHCNetSDK_sim_20140701.a */; };
		7EE1F8F41BD8C7A500B2B5CB /* libPlayCtrl_dev_7.2.0.2.a in Frameworks */ = {isa = PBXBuildFile; fileRef = 7EE1F8EC1BD8C7A400B2B5CB /* libPlayCtrl_dev_7.2.0.2.a */; };
		7EE1F8F51BD8C7A500B2B5CB /* libPlayCtrl_sim_01172014.a in Frameworks */ = {isa = PBXBuildFile; fileRef = 7EE1F8ED1BD8C7A400B2B5CB /* libPlayCtrl_sim_01172014.a */; };
		7EE1F8F61BD8C7A500B2B5CB /* TGDCamera.mm in Sources */ = {isa = PBXBuildFile; fileRef = 7EE1F8EF1BD8C7A400B2B5CB /* TGDCamera.mm */; };
		7EE1F8FE1BD8C9B000B2B5CB /* OneViewController.m in Sources */ = {isa = PBXBuildFile; fileRef = 7EE1F8F81BD8C9B000B2B5CB /* OneViewController.m */; };
		7EE1F8FF1BD8C9B000B2B5CB /* OneViewController.xib in Resources */ = {isa = PBXBuildFile; fileRef = 7EE1F8F91BD8C9B000B2B5CB /* OneViewController.xib */; };
		7EE1F9001BD8C9B000B2B5CB /* TGDAppDelegate.m in Sources */ = {isa = PBXBuildFile; fileRef = 7EE1F8FB1BD8C9B000B2B5CB /* TGDAppDelegate.m */; };
		7EE1F9011BD8C9B000B2B5CB /* TGDMainViewController.mm in Sources */ = {isa = PBXBuildFile; fileRef = 7EE1F8FD1BD8C9B000B2B5CB /* TGDMainViewController.mm */; };
		DE6DE0F9066D3F2F360A67A3 /* Foundation.framework in Frameworks */ = {isa = PBXBuildFile; fileRef = DE6DE70AB33B301E450ED1E7 /* Foundation.framework */; };
		DE6DE31182FDDFE95DA6C7D3 /* XCTest.framework in Frameworks */ = {isa = PBXBuildFile; fileRef = DE6DE943B6A111D41582BC2F /* XCTest.framework */; };
		DE6DE3A016F331D9F57DDED8 /* UIKit.framework in Frameworks */ = {isa = PBXBuildFile; fileRef = DE6DE3D14B43EE421C7F6F2D /* UIKit.framework */; };
		DE6DE48F921DEFD671FB4DE7 /* CoreGraphics.framework in Frameworks */ = {isa = PBXBuildFile; fileRef = DE6DEB782E240E959EB60AF3 /* CoreGraphics.framework */; };
		DE6DE59A6253366E2B06DF98 /* Foundation.framework in Frameworks */ = {isa = PBXBuildFile; fileRef = DE6DE70AB33B301E450ED1E7 /* Foundation.framework */; };
		DE6DE698400B91FFF5A15D16 /* main.m in Sources */ = {isa = PBXBuildFile; fileRef = DE6DEF1A902F282D5DD2C79E /* main.m */; };
		DE6DE74BC4BDD155EE7BF3E1 /* TontronGreenlandDemoTests.m in Sources */ = {isa = PBXBuildFile; fileRef = DE6DE412396DAFBE1A8A45BF /* TontronGreenlandDemoTests.m */; };
		DE6DEDC9B832930EAA826391 /* UIKit.framework in Frameworks */ = {isa = PBXBuildFile; fileRef = DE6DE3D14B43EE421C7F6F2D /* UIKit.framework */; };
		DE6DEF4CA693012D5228ADE6 /* InfoPlist.strings in Resources */ = {isa = PBXBuildFile; fileRef = DE6DE3CE8156EDDED1236936 /* InfoPlist.strings */; };
/* End PBXBuildFile section */

/* Begin PBXContainerItemProxy section */
		DE6DED878AAEEDCB199C93FC /* PBXContainerItemProxy */ = {
			isa = PBXContainerItemProxy;
			containerPortal = DE6DE852B1B0724403966465 /* Project object */;
			proxyType = 1;
			remoteGlobalIDString = DE6DEFA94C57193AA2D9ABBA;
			remoteInfo = TontronGreenlandDemo;
		};
/* End PBXContainerItemProxy section */

/* Begin PBXFileReference section */
		120133E519FBEB620013A8F8 /* MediaPlayer.framework */ = {isa = PBXFileReference; lastKnownFileType = wrapper.framework; name = MediaPlayer.framework; path = System/Library/Frameworks/MediaPlayer.framework; sourceTree = SDKROOT; };
		120133E719FBEB6F0013A8F8 /* libxml2.dylib */ = {isa = PBXFileReference; lastKnownFileType = "compiled.mach-o.dylib"; name = libxml2.dylib; path = usr/lib/libxml2.dylib; sourceTree = SDKROOT; };
		120133E919FBEBD10013A8F8 /* CFNetwork.framework */ = {isa = PBXFileReference; lastKnownFileType = wrapper.framework; name = CFNetwork.framework; path = System/Library/Frameworks/CFNetwork.framework; sourceTree = SDKROOT; };
		120133EB19FBEBD80013A8F8 /* AVFoundation.framework */ = {isa = PBXFileReference; lastKnownFileType = wrapper.framework; name = AVFoundation.framework; path = System/Library/Frameworks/AVFoundation.framework; sourceTree = SDKROOT; };
		120133ED19FBEBE40013A8F8 /* CoreVideo.framework */ = {isa = PBXFileReference; lastKnownFileType = wrapper.framework; name = CoreVideo.framework; path = System/Library/Frameworks/CoreVideo.framework; sourceTree = SDKROOT; };
		120133EF19FBECD30013A8F8 /* CCPSDKBundle.bundle */ = {isa = PBXFileReference; lastKnownFileType = "wrapper.plug-in"; name = CCPSDKBundle.bundle; path = TontronGreenlandDemo/lib/ccpsdk/CCPSDKBundle.bundle; sourceTree = "<group>"; };
		1233F5EB19FB8BE8003D4F82 /* libPlayCtrl_dev_7.2.0.2.a */ = {isa = PBXFileReference; lastKnownFileType = archive.ar; name = libPlayCtrl_dev_7.2.0.2.a; path = TontronGreenlandDemo/lib/libPlayCtrl_dev_7.2.0.2.a; sourceTree = "<group>"; };
		1233F5EC19FB8BE8003D4F82 /* libHCNetSDK_dev_20140701.a */ = {isa = PBXFileReference; lastKnownFileType = archive.ar; name = libHCNetSDK_dev_20140701.a; path = TontronGreenlandDemo/lib/libHCNetSDK_dev_20140701.a; sourceTree = "<group>"; };
		1233F5EF19FB8C9B003D4F82 /* libiconv.dylib */ = {isa = PBXFileReference; lastKnownFileType = "compiled.mach-o.dylib"; name = libiconv.dylib; path = usr/lib/libiconv.dylib; sourceTree = SDKROOT; };
		1233F5F119FB8CB8003D4F82 /* AudioToolbox.framework */ = {isa = PBXFileReference; lastKnownFileType = wrapper.framework; name = AudioToolbox.framework; path = System/Library/Frameworks/AudioToolbox.framework; sourceTree = SDKROOT; };
		1233F5F319FB8CC1003D4F82 /* OpenGLES.framework */ = {isa = PBXFileReference; lastKnownFileType = wrapper.framework; name = OpenGLES.framework; path = System/Library/Frameworks/OpenGLES.framework; sourceTree = SDKROOT; };
		1233F5F519FB8CCB003D4F82 /* QuartzCore.framework */ = {isa = PBXFileReference; lastKnownFileType = wrapper.framework; name = QuartzCore.framework; path = System/Library/Frameworks/QuartzCore.framework; sourceTree = SDKROOT; };
		1233F5F719FB8CD7003D4F82 /* OpenAL.framework */ = {isa = PBXFileReference; lastKnownFileType = wrapper.framework; name = OpenAL.framework; path = System/Library/Frameworks/OpenAL.framework; sourceTree = SDKROOT; };
		12CA915219FBF1CB0026C1C1 /* libz.dylib */ = {isa = PBXFileReference; lastKnownFileType = "compiled.mach-o.dylib"; name = libz.dylib; path = usr/lib/libz.dylib; sourceTree = SDKROOT; };
		12CA915419FBF1DB0026C1C1 /* MobileCoreServices.framework */ = {isa = PBXFileReference; lastKnownFileType = wrapper.framework; name = MobileCoreServices.framework; path = System/Library/Frameworks/MobileCoreServices.framework; sourceTree = SDKROOT; };
		12CA915619FBF1E40026C1C1 /* SystemConfiguration.framework */ = {isa = PBXFileReference; lastKnownFileType = wrapper.framework; name = SystemConfiguration.framework; path = System/Library/Frameworks/SystemConfiguration.framework; sourceTree = SDKROOT; };
		12CA915819FBF2120026C1C1 /* CoreTelephony.framework */ = {isa = PBXFileReference; lastKnownFileType = wrapper.framework; name = CoreTelephony.framework; path = System/Library/Frameworks/CoreTelephony.framework; sourceTree = SDKROOT; };
		12E3B1F819FBD3A900CC3979 /* libccpapisdk.a */ = {isa = PBXFileReference; lastKnownFileType = archive.ar; name = libccpapisdk.a; path = TontronGreenlandDemo/lib/ccpsdk/libccpapisdk.a; sourceTree = "<group>"; };
		12E3B1FC19FBD42800CC3979 /* libPlayCtrl_sim_01172014.a */ = {isa = PBXFileReference; lastKnownFileType = archive.ar; name = libPlayCtrl_sim_01172014.a; path = TontronGreenlandDemo/lib/libPlayCtrl_sim_01172014.a; sourceTree = "<group>"; };
		12E3B1FD19FBD42800CC3979 /* libHCNetSDK_sim_20140701.a */ = {isa = PBXFileReference; lastKnownFileType = archive.ar; name = libHCNetSDK_sim_20140701.a; path = TontronGreenlandDemo/lib/libHCNetSDK_sim_20140701.a; sourceTree = "<group>"; };
		7EE1F8E81BD8C7A400B2B5CB /* hcnetsdk.h */ = {isa = PBXFileReference; fileEncoding = 4; lastKnownFileType = sourcecode.c.h; path = hcnetsdk.h; sourceTree = "<group>"; };
		7EE1F8E91BD8C7A400B2B5CB /* IOSPlayM4.h */ = {isa = PBXFileReference; fileEncoding = 4; lastKnownFileType = sourcecode.c.h; path = IOSPlayM4.h; sourceTree = "<group>"; };
		7EE1F8EA1BD8C7A400B2B5CB /* libHCNetSDK_dev_20140701.a */ = {isa = PBXFileReference; lastKnownFileType = archive.ar; path = libHCNetSDK_dev_20140701.a; sourceTree = "<group>"; };
		7EE1F8EB1BD8C7A400B2B5CB /* libHCNetSDK_sim_20140701.a */ = {isa = PBXFileReference; lastKnownFileType = archive.ar; path = libHCNetSDK_sim_20140701.a; sourceTree = "<group>"; };
		7EE1F8EC1BD8C7A400B2B5CB /* libPlayCtrl_dev_7.2.0.2.a */ = {isa = PBXFileReference; lastKnownFileType = archive.ar; path = libPlayCtrl_dev_7.2.0.2.a; sourceTree = "<group>"; };
		7EE1F8ED1BD8C7A400B2B5CB /* libPlayCtrl_sim_01172014.a */ = {isa = PBXFileReference; lastKnownFileType = archive.ar; path = libPlayCtrl_sim_01172014.a; sourceTree = "<group>"; };
		7EE1F8EE1BD8C7A400B2B5CB /* TGDCamera.h */ = {isa = PBXFileReference; fileEncoding = 4; lastKnownFileType = sourcecode.c.h; path = TGDCamera.h; sourceTree = "<group>"; };
		7EE1F8EF1BD8C7A400B2B5CB /* TGDCamera.mm */ = {isa = PBXFileReference; fileEncoding = 4; lastKnownFileType = sourcecode.cpp.objcpp; path = TGDCamera.mm; sourceTree = "<group>"; };
		7EE1F8F71BD8C9B000B2B5CB /* OneViewController.h */ = {isa = PBXFileReference; fileEncoding = 4; lastKnownFileType = sourcecode.c.h; path = OneViewController.h; sourceTree = "<group>"; };
		7EE1F8F81BD8C9B000B2B5CB /* OneViewController.m */ = {isa = PBXFileReference; fileEncoding = 4; lastKnownFileType = sourcecode.c.objc; path = OneViewController.m; sourceTree = "<group>"; };
		7EE1F8F91BD8C9B000B2B5CB /* OneViewController.xib */ = {isa = PBXFileReference; fileEncoding = 4; lastKnownFileType = file.xib; path = OneViewController.xib; sourceTree = "<group>"; };
		7EE1F8FA1BD8C9B000B2B5CB /* TGDAppDelegate.h */ = {isa = PBXFileReference; fileEncoding = 4; lastKnownFileType = sourcecode.c.h; path = TGDAppDelegate.h; sourceTree = "<group>"; };
		7EE1F8FB1BD8C9B000B2B5CB /* TGDAppDelegate.m */ = {isa = PBXFileReference; fileEncoding = 4; lastKnownFileType = sourcecode.c.objc; path = TGDAppDelegate.m; sourceTree = "<group>"; };
		7EE1F8FC1BD8C9B000B2B5CB /* TGDMainViewController.h */ = {isa = PBXFileReference; fileEncoding = 4; lastKnownFileType = sourcecode.c.h; path = TGDMainViewController.h; sourceTree = "<group>"; };
		7EE1F8FD1BD8C9B000B2B5CB /* TGDMainViewController.mm */ = {isa = PBXFileReference; fileEncoding = 4; lastKnownFileType = sourcecode.cpp.objcpp; path = TGDMainViewController.mm; sourceTree = "<group>"; };
		DE6DE1862B3B7C74903069BC /* en */ = {isa = PBXFileReference; lastKnownFileType = text.plist.strings; name = en; path = en.lproj/InfoPlist.strings; sourceTree = "<group>"; };
		DE6DE2C7F757F89FCB37EF0C /* en */ = {isa = PBXFileReference; lastKnownFileType = text.plist.strings; name = en; path = en.lproj/InfoPlist.strings; sourceTree = "<group>"; };
		DE6DE3D14B43EE421C7F6F2D /* UIKit.framework */ = {isa = PBXFileReference; lastKnownFileType = wrapper.framework; name = UIKit.framework; path = System/Library/Frameworks/UIKit.framework; sourceTree = SDKROOT; };
		DE6DE412396DAFBE1A8A45BF /* TontronGreenlandDemoTests.m */ = {isa = PBXFileReference; lastKnownFileType = sourcecode.c.objc; path = TontronGreenlandDemoTests.m; sourceTree = "<group>"; };
		DE6DE5D50ECB45F3D5D08C5E /* TontronGreenlandDemo.app */ = {isa = PBXFileReference; explicitFileType = wrapper.application; includeInIndex = 0; path = TontronGreenlandDemo.app; sourceTree = BUILT_PRODUCTS_DIR; };
		DE6DE70AB33B301E450ED1E7 /* Foundation.framework */ = {isa = PBXFileReference; lastKnownFileType = wrapper.framework; name = Foundation.framework; path = System/Library/Frameworks/Foundation.framework; sourceTree = SDKROOT; };
		DE6DE7423594276F45AA07A0 /* TontronGreenlandDemoTests-Info.plist */ = {isa = PBXFileReference; lastKnownFileType = text.plist.xml; path = "TontronGreenlandDemoTests-Info.plist"; sourceTree = "<group>"; };
		DE6DE845974FFDA5DA87A215 /* TontronGreenlandDemo-Prefix.pch */ = {isa = PBXFileReference; lastKnownFileType = sourcecode.c.h; path = "TontronGreenlandDemo-Prefix.pch"; sourceTree = "<group>"; };
		DE6DE943B6A111D41582BC2F /* XCTest.framework */ = {isa = PBXFileReference; lastKnownFileType = wrapper.framework; name = XCTest.framework; path = Library/Frameworks/XCTest.framework; sourceTree = DEVELOPER_DIR; };
		DE6DEB782E240E959EB60AF3 /* CoreGraphics.framework */ = {isa = PBXFileReference; lastKnownFileType = wrapper.framework; name = CoreGraphics.framework; path = System/Library/Frameworks/CoreGraphics.framework; sourceTree = SDKROOT; };
		DE6DEC7C6557B33B91294C0A /* TontronGreenlandDemoTests.xctest */ = {isa = PBXFileReference; explicitFileType = wrapper.cfbundle; includeInIndex = 0; path = TontronGreenlandDemoTests.xctest; sourceTree = BUILT_PRODUCTS_DIR; };
		DE6DEE5513269457AE445E60 /* TontronGreenlandDemo-Info.plist */ = {isa = PBXFileReference; lastKnownFileType = text.plist.xml; path = "TontronGreenlandDemo-Info.plist"; sourceTree = "<group>"; };
		DE6DEF1A902F282D5DD2C79E /* main.m */ = {isa = PBXFileReference; lastKnownFileType = sourcecode.c.objc; path = main.m; sourceTree = "<group>"; };
/* End PBXFileReference section */

/* Begin PBXFrameworksBuildPhase section */
		DE6DE375C404402C15DD227C /* Frameworks */ = {
			isa = PBXFrameworksBuildPhase;
			buildActionMask = 2147483647;
			files = (
				DE6DE31182FDDFE95DA6C7D3 /* XCTest.framework in Frameworks */,
				DE6DE59A6253366E2B06DF98 /* Foundation.framework in Frameworks */,
				DE6DEDC9B832930EAA826391 /* UIKit.framework in Frameworks */,
			);
			runOnlyForDeploymentPostprocessing = 0;
		};
		DE6DE3D82A6DA51BCB12D96E /* Frameworks */ = {
			isa = PBXFrameworksBuildPhase;
			buildActionMask = 2147483647;
			files = (
				7EE1F8F51BD8C7A500B2B5CB /* libPlayCtrl_sim_01172014.a in Frameworks */,
				12CA915919FBF2120026C1C1 /* CoreTelephony.framework in Frameworks */,
				DE6DE48F921DEFD671FB4DE7 /* CoreGraphics.framework in Frameworks */,
				DE6DE0F9066D3F2F360A67A3 /* Foundation.framework in Frameworks */,
				1233F5F219FB8CB8003D4F82 /* AudioToolbox.framework in Frameworks */,
				120133EA19FBEBD10013A8F8 /* CFNetwork.framework in Frameworks */,
				120133EC19FBEBD80013A8F8 /* AVFoundation.framework in Frameworks */,
				12CA915719FBF1E40026C1C1 /* SystemConfiguration.framework in Frameworks */,
				12CA915519FBF1DB0026C1C1 /* MobileCoreServices.framework in Frameworks */,
				7EE1F8F41BD8C7A500B2B5CB /* libPlayCtrl_dev_7.2.0.2.a in Frameworks */,
				120133E819FBEB6F0013A8F8 /* libxml2.dylib in Frameworks */,
				12CA915319FBF1CB0026C1C1 /* libz.dylib in Frameworks */,
				120133EE19FBEBE40013A8F8 /* CoreVideo.framework in Frameworks */,
				120133E619FBEB620013A8F8 /* MediaPlayer.framework in Frameworks */,
				1233F5F819FB8CD7003D4F82 /* OpenAL.framework in Frameworks */,
				7EE1F8F21BD8C7A400B2B5CB /* libHCNetSDK_dev_20140701.a in Frameworks */,
				1233F5F619FB8CCB003D4F82 /* QuartzCore.framework in Frameworks */,
				1233F5F419FB8CC1003D4F82 /* OpenGLES.framework in Frameworks */,
				1233F5F019FB8C9B003D4F82 /* libiconv.dylib in Frameworks */,
				7EE1F8F31BD8C7A500B2B5CB /* libHCNetSDK_sim_20140701.a in Frameworks */,
				DE6DE3A016F331D9F57DDED8 /* UIKit.framework in Frameworks */,
			);
			runOnlyForDeploymentPostprocessing = 0;
		};
/* End PBXFrameworksBuildPhase section */

/* Begin PBXGroup section */
		1233F5E519FB8B7C003D4F82 /* Classes */ = {
			isa = PBXGroup;
			children = (
				7EE1F8F71BD8C9B000B2B5CB /* OneViewController.h */,
				7EE1F8F81BD8C9B000B2B5CB /* OneViewController.m */,
				7EE1F8F91BD8C9B000B2B5CB /* OneViewController.xib */,
				7EE1F8FA1BD8C9B000B2B5CB /* TGDAppDelegate.h */,
				7EE1F8FB1BD8C9B000B2B5CB /* TGDAppDelegate.m */,
				7EE1F8FC1BD8C9B000B2B5CB /* TGDMainViewController.h */,
				7EE1F8FD1BD8C9B000B2B5CB /* TGDMainViewController.mm */,
			);
			path = Classes;
			sourceTree = "<group>";
		};
		7EE1F8E41BD8C7A400B2B5CB /* hk_lib */ = {
			isa = PBXGroup;
			children = (
				7EE1F8E81BD8C7A400B2B5CB /* hcnetsdk.h */,
				7EE1F8E91BD8C7A400B2B5CB /* IOSPlayM4.h */,
				7EE1F8EA1BD8C7A400B2B5CB /* libHCNetSDK_dev_20140701.a */,
				7EE1F8EB1BD8C7A400B2B5CB /* libHCNetSDK_sim_20140701.a */,
				7EE1F8EC1BD8C7A400B2B5CB /* libPlayCtrl_dev_7.2.0.2.a */,
				7EE1F8ED1BD8C7A400B2B5CB /* libPlayCtrl_sim_01172014.a */,
				7EE1F8EE1BD8C7A400B2B5CB /* TGDCamera.h */,
				7EE1F8EF1BD8C7A400B2B5CB /* TGDCamera.mm */,
			);
			path = hk_lib;
			sourceTree = "<group>";
		};
		DE6DE101A57D9D103A2B75EE = {
			isa = PBXGroup;
			children = (
				DE6DEB882348A79B6C37444B /* Products */,
				DE6DE9EA59C72343953E9758 /* Frameworks */,
				DE6DE97CBD786C74B423F13D /* TontronGreenlandDemo */,
				DE6DE998E2D1C3C557D61106 /* TontronGreenlandDemoTests */,
			);
			sourceTree = "<group>";
		};
		DE6DE517B6F15BDF00B0601C /* Supporting Files */ = {
			isa = PBXGroup;
			children = (
				DE6DE7423594276F45AA07A0 /* TontronGreenlandDemoTests-Info.plist */,
				DE6DE3CE8156EDDED1236936 /* InfoPlist.strings */,
			);
			name = "Supporting Files";
			sourceTree = "<group>";
		};
		DE6DE8390E73147388361C10 /* Supporting Files */ = {
			isa = PBXGroup;
			children = (
				DE6DEE5513269457AE445E60 /* TontronGreenlandDemo-Info.plist */,
				DE6DE52B6C67F107232DB03A /* InfoPlist.strings */,
				DE6DEF1A902F282D5DD2C79E /* main.m */,
				DE6DE845974FFDA5DA87A215 /* TontronGreenlandDemo-Prefix.pch */,
			);
			name = "Supporting Files";
			sourceTree = "<group>";
		};
		DE6DE97CBD786C74B423F13D /* TontronGreenlandDemo */ = {
			isa = PBXGroup;
			children = (
				7EE1F8E41BD8C7A400B2B5CB /* hk_lib */,
				1233F5E519FB8B7C003D4F82 /* Classes */,
				DE6DE8390E73147388361C10 /* Supporting Files */,
			);
			path = TontronGreenlandDemo;
			sourceTree = "<group>";
		};
		DE6DE998E2D1C3C557D61106 /* TontronGreenlandDemoTests */ = {
			isa = PBXGroup;
			children = (
				DE6DE517B6F15BDF00B0601C /* Supporting Files */,
				DE6DE412396DAFBE1A8A45BF /* TontronGreenlandDemoTests.m */,
			);
			path = TontronGreenlandDemoTests;
			sourceTree = "<group>";
		};
		DE6DE9EA59C72343953E9758 /* Frameworks */ = {
			isa = PBXGroup;
			children = (
				12CA915819FBF2120026C1C1 /* CoreTelephony.framework */,
				12CA915619FBF1E40026C1C1 /* SystemConfiguration.framework */,
				12CA915419FBF1DB0026C1C1 /* MobileCoreServices.framework */,
				12CA915219FBF1CB0026C1C1 /* libz.dylib */,
				120133EF19FBECD30013A8F8 /* CCPSDKBundle.bundle */,
				120133ED19FBEBE40013A8F8 /* CoreVideo.framework */,
				120133EB19FBEBD80013A8F8 /* AVFoundation.framework */,
				120133E919FBEBD10013A8F8 /* CFNetwork.framework */,
				120133E719FBEB6F0013A8F8 /* libxml2.dylib */,
				120133E519FBEB620013A8F8 /* MediaPlayer.framework */,
				12E3B1FC19FBD42800CC3979 /* libPlayCtrl_sim_01172014.a */,
				12E3B1FD19FBD42800CC3979 /* libHCNetSDK_sim_20140701.a */,
				12E3B1F819FBD3A900CC3979 /* libccpapisdk.a */,
				1233F5F719FB8CD7003D4F82 /* OpenAL.framework */,
				1233F5F519FB8CCB003D4F82 /* QuartzCore.framework */,
				1233F5F319FB8CC1003D4F82 /* OpenGLES.framework */,
				1233F5F119FB8CB8003D4F82 /* AudioToolbox.framework */,
				1233F5EF19FB8C9B003D4F82 /* libiconv.dylib */,
				1233F5EB19FB8BE8003D4F82 /* libPlayCtrl_dev_7.2.0.2.a */,
				1233F5EC19FB8BE8003D4F82 /* libHCNetSDK_dev_20140701.a */,
				DE6DE70AB33B301E450ED1E7 /* Foundation.framework */,
				DE6DEB782E240E959EB60AF3 /* CoreGraphics.framework */,
				DE6DE3D14B43EE421C7F6F2D /* UIKit.framework */,
				DE6DE943B6A111D41582BC2F /* XCTest.framework */,
			);
			name = Frameworks;
			sourceTree = "<group>";
		};
		DE6DEB882348A79B6C37444B /* Products */ = {
			isa = PBXGroup;
			children = (
				DE6DE5D50ECB45F3D5D08C5E /* TontronGreenlandDemo.app */,
				DE6DEC7C6557B33B91294C0A /* TontronGreenlandDemoTests.xctest */,
			);
			name = Products;
			sourceTree = "<group>";
		};
/* End PBXGroup section */

/* Begin PBXNativeTarget section */
		DE6DE93C27D592B668AC54E1 /* TontronGreenlandDemoTests */ = {
			isa = PBXNativeTarget;
			buildConfigurationList = DE6DE168D5C68A714F0FDBE9 /* Build configuration list for PBXNativeTarget "TontronGreenlandDemoTests" */;
			buildPhases = (
				DE6DE3E6D9F67F41708FA53A /* Sources */,
				DE6DE375C404402C15DD227C /* Frameworks */,
				DE6DECF710583A1BB52DB00B /* Resources */,
			);
			buildRules = (
			);
			dependencies = (
				DE6DEF4531B64EB19C84CED9 /* PBXTargetDependency */,
			);
			name = TontronGreenlandDemoTests;
			productName = TontronGreenlandDemoTests;
			productReference = DE6DEC7C6557B33B91294C0A /* TontronGreenlandDemoTests.xctest */;
			productType = "com.apple.product-type.bundle.unit-test";
		};
		DE6DEFA94C57193AA2D9ABBA /* TontronGreenlandDemo */ = {
			isa = PBXNativeTarget;
			buildConfigurationList = DE6DE515DA1E9CC5F510F811 /* Build configuration list for PBXNativeTarget "TontronGreenlandDemo" */;
			buildPhases = (
				DE6DE72A368276883982F035 /* Sources */,
				DE6DE3D82A6DA51BCB12D96E /* Frameworks */,
				DE6DE9FDBAADAE432A0F3D05 /* Resources */,
			);
			buildRules = (
			);
			dependencies = (
			);
			name = TontronGreenlandDemo;
			productName = TontronGreenlandDemo;
			productReference = DE6DE5D50ECB45F3D5D08C5E /* TontronGreenlandDemo.app */;
			productType = "com.apple.product-type.application";
		};
/* End PBXNativeTarget section */

/* Begin PBXProject section */
		DE6DE852B1B0724403966465 /* Project object */ = {
			isa = PBXProject;
			attributes = {
				LastUpgradeCheck = 0610;
				ORGANIZATIONNAME = SkyInno;
				TargetAttributes = {
					DE6DEFA94C57193AA2D9ABBA = {
						DevelopmentTeam = 7NPS84PN5X;
						SystemCapabilities = {
							com.apple.BackgroundModes = {
								enabled = 1;
							};
						};
					};
				};
			};
			buildConfigurationList = DE6DE9B6313671506BE0C64D /* Build configuration list for PBXProject "TontronGreenlandDemo" */;
			compatibilityVersion = "Xcode 3.2";
			developmentRegion = English;
			hasScannedForEncodings = 0;
			knownRegions = (
				en,
			);
			mainGroup = DE6DE101A57D9D103A2B75EE;
			productRefGroup = DE6DEB882348A79B6C37444B /* Products */;
			projectDirPath = "";
			projectRoot = "";
			targets = (
				DE6DEFA94C57193AA2D9ABBA /* TontronGreenlandDemo */,
				DE6DE93C27D592B668AC54E1 /* TontronGreenlandDemoTests */,
			);
		};
/* End PBXProject section */

/* Begin PBXResourcesBuildPhase section */
		DE6DE9FDBAADAE432A0F3D05 /* Resources */ = {
			isa = PBXResourcesBuildPhase;
			buildActionMask = 2147483647;
			files = (
				7EE1F8FF1BD8C9B000B2B5CB /* OneViewController.xib in Resources */,
			);
			runOnlyForDeploymentPostprocessing = 0;
		};
		DE6DECF710583A1BB52DB00B /* Resources */ = {
			isa = PBXResourcesBuildPhase;
			buildActionMask = 2147483647;
			files = (
				DE6DEF4CA693012D5228ADE6 /* InfoPlist.strings in Resources */,
			);
			runOnlyForDeploymentPostprocessing = 0;
		};
/* End PBXResourcesBuildPhase section */

/* Begin PBXSourcesBuildPhase section */
		DE6DE3E6D9F67F41708FA53A /* Sources */ = {
			isa = PBXSourcesBuildPhase;
			buildActionMask = 2147483647;
			files = (
				DE6DE74BC4BDD155EE7BF3E1 /* TontronGreenlandDemoTests.m in Sources */,
			);
			runOnlyForDeploymentPostprocessing = 0;
		};
		DE6DE72A368276883982F035 /* Sources */ = {
			isa = PBXSourcesBuildPhase;
			buildActionMask = 2147483647;
			files = (
				7EE1F8F61BD8C7A500B2B5CB /* TGDCamera.mm in Sources */,
				7EE1F9011BD8C9B000B2B5CB /* TGDMainViewController.mm in Sources */,
				DE6DE698400B91FFF5A15D16 /* main.m in Sources */,
				7EE1F9001BD8C9B000B2B5CB /* TGDAppDelegate.m in Sources */,
				7EE1F8FE1BD8C9B000B2B5CB /* OneViewController.m in Sources */,
			);
			runOnlyForDeploymentPostprocessing = 0;
		};
/* End PBXSourcesBuildPhase section */

/* Begin PBXTargetDependency section */
		DE6DEF4531B64EB19C84CED9 /* PBXTargetDependency */ = {
			isa = PBXTargetDependency;
			target = DE6DEFA94C57193AA2D9ABBA /* TontronGreenlandDemo */;
			targetProxy = DE6DED878AAEEDCB199C93FC /* PBXContainerItemProxy */;
		};
/* End PBXTargetDependency section */

/* Begin PBXVariantGroup section */
		DE6DE3CE8156EDDED1236936 /* InfoPlist.strings */ = {
			isa = PBXVariantGroup;
			children = (
				DE6DE2C7F757F89FCB37EF0C /* en */,
			);
			name = InfoPlist.strings;
			sourceTree = "<group>";
		};
		DE6DE52B6C67F107232DB03A /* InfoPlist.strings */ = {
			isa = PBXVariantGroup;
			children = (
				DE6DE1862B3B7C74903069BC /* en */,
			);
			name = InfoPlist.strings;
			sourceTree = "<group>";
		};
/* End PBXVariantGroup section */

/* Begin XCBuildConfiguration section */
		DE6DE148E6D9258180B43B61 /* Release */ = {
			isa = XCBuildConfiguration;
			buildSettings = {
				FRAMEWORK_SEARCH_PATHS = (
					"$(SDKROOT)/Developer/Library/Frameworks",
					"$(inherited)",
				);
				GCC_PRECOMPILE_PREFIX_HEADER = YES;
				GCC_PREFIX_HEADER = "TontronGreenlandDemo/TontronGreenlandDemo-Prefix.pch";
				INFOPLIST_FILE = "TontronGreenlandDemoTests/TontronGreenlandDemoTests-Info.plist";
				PRODUCT_NAME = TontronGreenlandDemoTests;
				WRAPPER_EXTENSION = xctest;
			};
			name = Release;
		};
		DE6DE482E4440D9456BF1C75 /* Debug */ = {
			isa = XCBuildConfiguration;
			buildSettings = {
				ALWAYS_SEARCH_USER_PATHS = NO;
				ARCHS = armv7;
				CLANG_CXX_LANGUAGE_STANDARD = "gnu++0x";
				CLANG_CXX_LIBRARY = "libc++";
				CLANG_ENABLE_MODULES = YES;
				CLANG_ENABLE_OBJC_ARC = YES;
				CLANG_WARN_BOOL_CONVERSION = YES;
				CLANG_WARN_CONSTANT_CONVERSION = YES;
				CLANG_WARN_DIRECT_OBJC_ISA_USAGE = YES_ERROR;
				CLANG_WARN_EMPTY_BODY = YES;
				CLANG_WARN_ENUM_CONVERSION = YES;
				CLANG_WARN_INT_CONVERSION = YES;
				CLANG_WARN_OBJC_ROOT_CLASS = YES_ERROR;
				CLANG_WARN__DUPLICATE_METHOD_MATCH = YES;
				"CODE_SIGN_IDENTITY[sdk=iphoneos*]" = "iPhone Developer";
				COPY_PHASE_STRIP = NO;
				GCC_C_LANGUAGE_STANDARD = gnu99;
				GCC_DYNAMIC_NO_PIC = NO;
				GCC_OPTIMIZATION_LEVEL = 0;
				GCC_PREPROCESSOR_DEFINITIONS = (
					"DEBUG=1",
					"$(inherited)",
				);
				GCC_SYMBOLS_PRIVATE_EXTERN = NO;
				GCC_WARN_64_TO_32_BIT_CONVERSION = YES;
				GCC_WARN_ABOUT_RETURN_TYPE = YES_ERROR;
				GCC_WARN_UNDECLARED_SELECTOR = YES;
				GCC_WARN_UNINITIALIZED_AUTOS = YES_AGGRESSIVE;
				GCC_WARN_UNUSED_FUNCTION = YES;
				GCC_WARN_UNUSED_VARIABLE = YES;
				IPHONEOS_DEPLOYMENT_TARGET = 6.0;
				ONLY_ACTIVE_ARCH = YES;
				SDKROOT = iphoneos;
				TARGETED_DEVICE_FAMILY = 2;
				VALID_ARCHS = armv7;
			};
			name = Debug;
		};
		DE6DE988B35CA0B9DFD3C26E /* Debug */ = {
			isa = XCBuildConfiguration;
			buildSettings = {
				ARCHS = armv7;
				ASSETCATALOG_COMPILER_APPICON_NAME = AppIcon;
				ASSETCATALOG_COMPILER_LAUNCHIMAGE_NAME = LaunchImage;
				CLANG_CXX_LANGUAGE_STANDARD = "compiler-default";
				CLANG_CXX_LIBRARY = "compiler-default";
				CODE_SIGN_IDENTITY = "iPhone Developer";
				"CODE_SIGN_IDENTITY[sdk=iphoneos*]" = "iPhone Developer";
				FRAMEWORK_SEARCH_PATHS = "";
				GCC_PRECOMPILE_PREFIX_HEADER = YES;
				GCC_PREFIX_HEADER = "TontronGreenlandDemo/TontronGreenlandDemo-Prefix.pch";
				HEADER_SEARCH_PATHS = "";
				INFOPLIST_FILE = "TontronGreenlandDemo/TontronGreenlandDemo-Info.plist";
				IPHONEOS_DEPLOYMENT_TARGET = 6.0;
				LIBRARY_SEARCH_PATHS = (
					"$(PROJECT_DIR)/TontronGreenlandDemo/hk_lib/ccpsdk",
					"$(PROJECT_DIR)/TontronGreenlandDemo/hk_lib",
				);
				ONLY_ACTIVE_ARCH = NO;
				PRODUCT_NAME = TontronGreenlandDemo;
				PROVISIONING_PROFILE = "ed9a4635-70c8-4c41-9fe9-2afe40aeb1fc";
				TARGETED_DEVICE_FAMILY = "1,2";
				VALID_ARCHS = armv7;
				WRAPPER_EXTENSION = app;
			};
			name = Debug;
		};
		DE6DEB010C2A0CFCF574AA32 /* Release */ = {
			isa = XCBuildConfiguration;
			buildSettings = {
				ARCHS = armv7;
				ASSETCATALOG_COMPILER_APPICON_NAME = AppIcon;
				ASSETCATALOG_COMPILER_LAUNCHIMAGE_NAME = LaunchImage;
				CLANG_CXX_LANGUAGE_STANDARD = "compiler-default";
				CLANG_CXX_LIBRARY = "compiler-default";
				CODE_SIGN_IDENTITY = "iPhone Developer";
				"CODE_SIGN_IDENTITY[sdk=iphoneos*]" = "iPhone Developer";
				FRAMEWORK_SEARCH_PATHS = "";
				GCC_PRECOMPILE_PREFIX_HEADER = YES;
				GCC_PREFIX_HEADER = "TontronGreenlandDemo/TontronGreenlandDemo-Prefix.pch";
				HEADER_SEARCH_PATHS = "";
				INFOPLIST_FILE = "TontronGreenlandDemo/TontronGreenlandDemo-Info.plist";
				IPHONEOS_DEPLOYMENT_TARGET = 6.0;
				LIBRARY_SEARCH_PATHS = (
					"$(PROJECT_DIR)/TontronGreenlandDemo/hk_lib/ccpsdk",
					"$(PROJECT_DIR)/TontronGreenlandDemo/hk_lib",
				);
				ONLY_ACTIVE_ARCH = NO;
				PRODUCT_NAME = TontronGreenlandDemo;
				PROVISIONING_PROFILE = "ed9a4635-70c8-4c41-9fe9-2afe40aeb1fc";
				TARGETED_DEVICE_FAMILY = "1,2";
				VALID_ARCHS = armv7;
				WRAPPER_EXTENSION = app;
			};
			name = Release;
		};
		DE6DEE65DE0B4BA0C99E2AD1 /* Debug */ = {
			isa = XCBuildConfiguration;
			buildSettings = {
				FRAMEWORK_SEARCH_PATHS = (
					"$(SDKROOT)/Developer/Library/Frameworks",
					"$(inherited)",
				);
				GCC_PRECOMPILE_PREFIX_HEADER = YES;
				GCC_PREFIX_HEADER = "TontronGreenlandDemo/TontronGreenlandDemo-Prefix.pch";
				INFOPLIST_FILE = "TontronGreenlandDemoTests/TontronGreenlandDemoTests-Info.plist";
				PRODUCT_NAME = TontronGreenlandDemoTests;
				WRAPPER_EXTENSION = xctest;
			};
			name = Debug;
		};
		DE6DEE822009A52057985308 /* Release */ = {
			isa = XCBuildConfiguration;
			buildSettings = {
				ALWAYS_SEARCH_USER_PATHS = NO;
				ARCHS = armv7;
				CLANG_CXX_LANGUAGE_STANDARD = "gnu++0x";
				CLANG_CXX_LIBRARY = "libc++";
				CLANG_ENABLE_MODULES = YES;
				CLANG_ENABLE_OBJC_ARC = YES;
				CLANG_WARN_BOOL_CONVERSION = YES;
				CLANG_WARN_CONSTANT_CONVERSION = YES;
				CLANG_WARN_DIRECT_OBJC_ISA_USAGE = YES_ERROR;
				CLANG_WARN_EMPTY_BODY = YES;
				CLANG_WARN_ENUM_CONVERSION = YES;
				CLANG_WARN_INT_CONVERSION = YES;
				CLANG_WARN_OBJC_ROOT_CLASS = YES_ERROR;
				CLANG_WARN__DUPLICATE_METHOD_MATCH = YES;
				"CODE_SIGN_IDENTITY[sdk=iphoneos*]" = "iPhone Developer";
				COPY_PHASE_STRIP = YES;
				ENABLE_NS_ASSERTIONS = NO;
				GCC_C_LANGUAGE_STANDARD = gnu99;
				GCC_WARN_64_TO_32_BIT_CONVERSION = YES;
				GCC_WARN_ABOUT_RETURN_TYPE = YES_ERROR;
				GCC_WARN_UNDECLARED_SELECTOR = YES;
				GCC_WARN_UNINITIALIZED_AUTOS = YES_AGGRESSIVE;
				GCC_WARN_UNUSED_FUNCTION = YES;
				GCC_WARN_UNUSED_VARIABLE = YES;
				IPHONEOS_DEPLOYMENT_TARGET = 6.0;
				SDKROOT = iphoneos;
				TARGETED_DEVICE_FAMILY = 2;
				VALIDATE_PRODUCT = YES;
				VALID_ARCHS = armv7;
			};
			name = Release;
		};
/* End XCBuildConfiguration section */

/* Begin XCConfigurationList section */
		DE6DE168D5C68A714F0FDBE9 /* Build configuration list for PBXNativeTarget "TontronGreenlandDemoTests" */ = {
			isa = XCConfigurationList;
			buildConfigurations = (
				DE6DEE65DE0B4BA0C99E2AD1 /* Debug */,
				DE6DE148E6D9258180B43B61 /* Release */,
			);
			defaultConfigurationIsVisible = 0;
			defaultConfigurationName = Release;
		};
		DE6DE515DA1E9CC5F510F811 /* Build configuration list for PBXNativeTarget "TontronGreenlandDemo" */ = {
			isa = XCConfigurationList;
			buildConfigurations = (
				DE6DE988B35CA0B9DFD3C26E /* Debug */,
				DE6DEB010C2A0CFCF574AA32 /* Release */,
			);
			defaultConfigurationIsVisible = 0;
			defaultConfigurationName = Release;
		};
		DE6DE9B6313671506BE0C64D /* Build configuration list for PBXProject "TontronGreenlandDemo" */ = {
			isa = XCConfigurationList;
			buildConfigurations = (
				DE6DE482E4440D9456BF1C75 /* Debug */,
				DE6DEE822009A52057985308 /* Release */,
			);
			defaultConfigurationIsVisible = 0;
			defaultConfigurationName = Release;
		};
/* End XCConfigurationList section */
	};
	rootObject = DE6DE852B1B0724403966465 /* Project object */;
}
